// !$*UTF8*$!
{
	archiveVersion = 1;
	classes = {
	};
	objectVersion = 56;
	objects = {

/* Begin PBXBuildFile section */
		28D122B1B8B0147584FF78B1 /* libPods-AbdallahismailAreebTask.a in Frameworks */ = {isa = PBXBuildFile; fileRef = A0DDCDB091C85FC3B37228D4 /* libPods-AbdallahismailAreebTask.a */; };
		5E1632C02AE2071900885F97 /* AppDelegate.swift in Sources */ = {isa = PBXBuildFile; fileRef = 5E1632BF2AE2071900885F97 /* AppDelegate.swift */; };
		5E1632C22AE2071900885F97 /* SceneDelegate.swift in Sources */ = {isa = PBXBuildFile; fileRef = 5E1632C12AE2071900885F97 /* SceneDelegate.swift */; };
		5E1632C42AE2071900885F97 /* GetReposViewController.swift in Sources */ = {isa = PBXBuildFile; fileRef = 5E1632C32AE2071900885F97 /* GetReposViewController.swift */; };
		5E1632C72AE2071900885F97 /* Main.storyboard in Resources */ = {isa = PBXBuildFile; fileRef = 5E1632C52AE2071900885F97 /* Main.storyboard */; };
		5E1632CA2AE2071900885F97 /* AbdallahismailAreebTask.xcdatamodeld in Sources */ = {isa = PBXBuildFile; fileRef = 5E1632C82AE2071900885F97 /* AbdallahismailAreebTask.xcdatamodeld */; };
		5E1632CC2AE2071900885F97 /* Assets.xcassets in Resources */ = {isa = PBXBuildFile; fileRef = 5E1632CB2AE2071900885F97 /* Assets.xcassets */; };
		5E1632CF2AE2071900885F97 /* LaunchScreen.storyboard in Resources */ = {isa = PBXBuildFile; fileRef = 5E1632CD2AE2071900885F97 /* LaunchScreen.storyboard */; };
		5E1632DA2AE2071A00885F97 /* AbdallahismailAreebTaskTests.swift in Sources */ = {isa = PBXBuildFile; fileRef = 5E1632D92AE2071A00885F97 /* AbdallahismailAreebTaskTests.swift */; };
		5E1632E42AE2071A00885F97 /* AbdallahismailAreebTaskUITests.swift in Sources */ = {isa = PBXBuildFile; fileRef = 5E1632E32AE2071A00885F97 /* AbdallahismailAreebTaskUITests.swift */; };
		5E1632E62AE2071A00885F97 /* AbdallahismailAreebTaskUITestsLaunchTests.swift in Sources */ = {isa = PBXBuildFile; fileRef = 5E1632E52AE2071A00885F97 /* AbdallahismailAreebTaskUITestsLaunchTests.swift */; };
		5E70B7CE2AE485BC00F086B0 /* RepoDetailsViewController.swift in Sources */ = {isa = PBXBuildFile; fileRef = 5E70B7CD2AE485BC00F086B0 /* RepoDetailsViewController.swift */; };
		5E70B7D02AE49DE500F086B0 /* RepoDetailNetworkService.swift in Sources */ = {isa = PBXBuildFile; fileRef = 5E70B7CF2AE49DE500F086B0 /* RepoDetailNetworkService.swift */; };
		5E70B7D22AE4B14900F086B0 /* GetReposdetailsVM.swift in Sources */ = {isa = PBXBuildFile; fileRef = 5E70B7D12AE4B14900F086B0 /* GetReposdetailsVM.swift */; };
		5E70B7D42AE4B1D000F086B0 /* getDetailsProtocol.swift in Sources */ = {isa = PBXBuildFile; fileRef = 5E70B7D32AE4B1D000F086B0 /* getDetailsProtocol.swift */; };
		5E8FDAD42AE3178100CDF419 /* RepoTableViewCell.swift in Sources */ = {isa = PBXBuildFile; fileRef = 5E8FDAD32AE3178100CDF419 /* RepoTableViewCell.swift */; };
		5E8FDAD62AE3256C00CDF419 /* Repost.swift in Sources */ = {isa = PBXBuildFile; fileRef = 5E8FDAD52AE3256C00CDF419 /* Repost.swift */; };
		5E8FDADB2AE3322100CDF419 /* UrlService.swift in Sources */ = {isa = PBXBuildFile; fileRef = 5E8FDADA2AE3322100CDF419 /* UrlService.swift */; };
		5E8FDADE2AE35A2300CDF419 /* RepositryProtocol.swift in Sources */ = {isa = PBXBuildFile; fileRef = 5E8FDADD2AE35A2300CDF419 /* RepositryProtocol.swift */; };
		5E8FDAE02AE35B0800CDF419 /* GetReposVM.swift in Sources */ = {isa = PBXBuildFile; fileRef = 5E8FDADF2AE35B0800CDF419 /* GetReposVM.swift */; };
		5E8FDAE32AE35CD400CDF419 /* NetworkService.swift in Sources */ = {isa = PBXBuildFile; fileRef = 5E8FDAE22AE35CD400CDF419 /* NetworkService.swift */; };
		5E8FDAE52AE35D7A00CDF419 /* getReposProtocol.swift in Sources */ = {isa = PBXBuildFile; fileRef = 5E8FDAE42AE35D7A00CDF419 /* getReposProtocol.swift */; };
		7BEE83BE1486D7613B6C17C3 /* libPods-AbdallahismailAreebTask-AbdallahismailAreebTaskUITests.a in Frameworks */ = {isa = PBXBuildFile; fileRef = F3F3D39B67C4D70BD6D718AA /* libPods-AbdallahismailAreebTask-AbdallahismailAreebTaskUITests.a */; };
		DA0E0B23E2CF2A2C10FB65FD /* libPods-AbdallahismailAreebTaskTests.a in Frameworks */ = {isa = PBXBuildFile; fileRef = 2C3E33207033F603DC7BE0A9 /* libPods-AbdallahismailAreebTaskTests.a */; };
/* End PBXBuildFile section */

/* Begin PBXContainerItemProxy section */
		5E1632D62AE2071A00885F97 /* PBXContainerItemProxy */ = {
			isa = PBXContainerItemProxy;
			containerPortal = 5E1632B42AE2071800885F97 /* Project object */;
			proxyType = 1;
			remoteGlobalIDString = 5E1632BB2AE2071800885F97;
			remoteInfo = AbdallahismailAreebTask;
		};
		5E1632E02AE2071A00885F97 /* PBXContainerItemProxy */ = {
			isa = PBXContainerItemProxy;
			containerPortal = 5E1632B42AE2071800885F97 /* Project object */;
			proxyType = 1;
			remoteGlobalIDString = 5E1632BB2AE2071800885F97;
			remoteInfo = AbdallahismailAreebTask;
		};
/* End PBXContainerItemProxy section */

/* Begin PBXFileReference section */
		1C1A6B07A191DB89A6E5AFE8 /* Pods-AbdallahismailAreebTask.release.xcconfig */ = {isa = PBXFileReference; includeInIndex = 1; lastKnownFileType = text.xcconfig; name = "Pods-AbdallahismailAreebTask.release.xcconfig"; path = "Target Support Files/Pods-AbdallahismailAreebTask/Pods-AbdallahismailAreebTask.release.xcconfig"; sourceTree = "<group>"; };
		2C3E33207033F603DC7BE0A9 /* libPods-AbdallahismailAreebTaskTests.a */ = {isa = PBXFileReference; explicitFileType = archive.ar; includeInIndex = 0; path = "libPods-AbdallahismailAreebTaskTests.a"; sourceTree = BUILT_PRODUCTS_DIR; };
		3222F713D6FBB9261216CB34 /* Pods-AbdallahismailAreebTask.debug.xcconfig */ = {isa = PBXFileReference; includeInIndex = 1; lastKnownFileType = text.xcconfig; name = "Pods-AbdallahismailAreebTask.debug.xcconfig"; path = "Target Support Files/Pods-AbdallahismailAreebTask/Pods-AbdallahismailAreebTask.debug.xcconfig"; sourceTree = "<group>"; };
		53264ACFC14EDED2FF9B3C4A /* Pods-AbdallahismailAreebTaskTests.debug.xcconfig */ = {isa = PBXFileReference; includeInIndex = 1; lastKnownFileType = text.xcconfig; name = "Pods-AbdallahismailAreebTaskTests.debug.xcconfig"; path = "Target Support Files/Pods-AbdallahismailAreebTaskTests/Pods-AbdallahismailAreebTaskTests.debug.xcconfig"; sourceTree = "<group>"; };
		5E1632BC2AE2071900885F97 /* AbdallahismailAreebTask.app */ = {isa = PBXFileReference; explicitFileType = wrapper.application; includeInIndex = 0; path = AbdallahismailAreebTask.app; sourceTree = BUILT_PRODUCTS_DIR; };
		5E1632BF2AE2071900885F97 /* AppDelegate.swift */ = {isa = PBXFileReference; lastKnownFileType = sourcecode.swift; path = AppDelegate.swift; sourceTree = "<group>"; };
		5E1632C12AE2071900885F97 /* SceneDelegate.swift */ = {isa = PBXFileReference; lastKnownFileType = sourcecode.swift; path = SceneDelegate.swift; sourceTree = "<group>"; };
		5E1632C32AE2071900885F97 /* GetReposViewController.swift */ = {isa = PBXFileReference; lastKnownFileType = sourcecode.swift; path = GetReposViewController.swift; sourceTree = "<group>"; };
		5E1632C62AE2071900885F97 /* Base */ = {isa = PBXFileReference; lastKnownFileType = file.storyboard; name = Base; path = Base.lproj/Main.storyboard; sourceTree = "<group>"; };
		5E1632C92AE2071900885F97 /* AbdallahismailAreebTask.xcdatamodel */ = {isa = PBXFileReference; lastKnownFileType = wrapper.xcdatamodel; path = AbdallahismailAreebTask.xcdatamodel; sourceTree = "<group>"; };
		5E1632CB2AE2071900885F97 /* Assets.xcassets */ = {isa = PBXFileReference; lastKnownFileType = folder.assetcatalog; path = Assets.xcassets; sourceTree = "<group>"; };
		5E1632CE2AE2071900885F97 /* Base */ = {isa = PBXFileReference; lastKnownFileType = file.storyboard; name = Base; path = Base.lproj/LaunchScreen.storyboard; sourceTree = "<group>"; };
		5E1632D02AE2071900885F97 /* Info.plist */ = {isa = PBXFileReference; lastKnownFileType = text.plist.xml; path = Info.plist; sourceTree = "<group>"; };
		5E1632D52AE2071A00885F97 /* AbdallahismailAreebTaskTests.xctest */ = {isa = PBXFileReference; explicitFileType = wrapper.cfbundle; includeInIndex = 0; path = AbdallahismailAreebTaskTests.xctest; sourceTree = BUILT_PRODUCTS_DIR; };
		5E1632D92AE2071A00885F97 /* AbdallahismailAreebTaskTests.swift */ = {isa = PBXFileReference; lastKnownFileType = sourcecode.swift; path = AbdallahismailAreebTaskTests.swift; sourceTree = "<group>"; };
		5E1632DF2AE2071A00885F97 /* AbdallahismailAreebTaskUITests.xctest */ = {isa = PBXFileReference; explicitFileType = wrapper.cfbundle; includeInIndex = 0; path = AbdallahismailAreebTaskUITests.xctest; sourceTree = BUILT_PRODUCTS_DIR; };
		5E1632E32AE2071A00885F97 /* AbdallahismailAreebTaskUITests.swift */ = {isa = PBXFileReference; lastKnownFileType = sourcecode.swift; path = AbdallahismailAreebTaskUITests.swift; sourceTree = "<group>"; };
		5E1632E52AE2071A00885F97 /* AbdallahismailAreebTaskUITestsLaunchTests.swift */ = {isa = PBXFileReference; lastKnownFileType = sourcecode.swift; path = AbdallahismailAreebTaskUITestsLaunchTests.swift; sourceTree = "<group>"; };
		5E70B7CD2AE485BC00F086B0 /* RepoDetailsViewController.swift */ = {isa = PBXFileReference; lastKnownFileType = sourcecode.swift; path = RepoDetailsViewController.swift; sourceTree = "<group>"; };
		5E70B7CF2AE49DE500F086B0 /* RepoDetailNetworkService.swift */ = {isa = PBXFileReference; lastKnownFileType = sourcecode.swift; path = RepoDetailNetworkService.swift; sourceTree = "<group>"; };
		5E70B7D12AE4B14900F086B0 /* GetReposdetailsVM.swift */ = {isa = PBXFileReference; lastKnownFileType = sourcecode.swift; path = GetReposdetailsVM.swift; sourceTree = "<group>"; };
		5E70B7D32AE4B1D000F086B0 /* getDetailsProtocol.swift */ = {isa = PBXFileReference; lastKnownFileType = sourcecode.swift; path = getDetailsProtocol.swift; sourceTree = "<group>"; };
		5E8FDAD32AE3178100CDF419 /* RepoTableViewCell.swift */ = {isa = PBXFileReference; lastKnownFileType = sourcecode.swift; path = RepoTableViewCell.swift; sourceTree = "<group>"; };
		5E8FDAD52AE3256C00CDF419 /* Repost.swift */ = {isa = PBXFileReference; lastKnownFileType = sourcecode.swift; path = Repost.swift; sourceTree = "<group>"; };
		5E8FDADA2AE3322100CDF419 /* UrlService.swift */ = {isa = PBXFileReference; lastKnownFileType = sourcecode.swift; path = UrlService.swift; sourceTree = "<group>"; };
		5E8FDADD2AE35A2300CDF419 /* RepositryProtocol.swift */ = {isa = PBXFileReference; lastKnownFileType = sourcecode.swift; path = RepositryProtocol.swift; sourceTree = "<group>"; };
		5E8FDADF2AE35B0800CDF419 /* GetReposVM.swift */ = {isa = PBXFileReference; lastKnownFileType = sourcecode.swift; path = GetReposVM.swift; sourceTree = "<group>"; };
		5E8FDAE22AE35CD400CDF419 /* NetworkService.swift */ = {isa = PBXFileReference; lastKnownFileType = sourcecode.swift; path = NetworkService.swift; sourceTree = "<group>"; };
		5E8FDAE42AE35D7A00CDF419 /* getReposProtocol.swift */ = {isa = PBXFileReference; lastKnownFileType = sourcecode.swift; path = getReposProtocol.swift; sourceTree = "<group>"; };
		A0DDCDB091C85FC3B37228D4 /* libPods-AbdallahismailAreebTask.a */ = {isa = PBXFileReference; explicitFileType = archive.ar; includeInIndex = 0; path = "libPods-AbdallahismailAreebTask.a"; sourceTree = BUILT_PRODUCTS_DIR; };
		A416363A5E698A4BE4FD0AE9 /* Pods-AbdallahismailAreebTask-AbdallahismailAreebTaskUITests.debug.xcconfig */ = {isa = PBXFileReference; includeInIndex = 1; lastKnownFileType = text.xcconfig; name = "Pods-AbdallahismailAreebTask-AbdallahismailAreebTaskUITests.debug.xcconfig"; path = "Target Support Files/Pods-AbdallahismailAreebTask-AbdallahismailAreebTaskUITests/Pods-AbdallahismailAreebTask-AbdallahismailAreebTaskUITests.debug.xcconfig"; sourceTree = "<group>"; };
		E56C848F5F2DCA66A2E5B8EC /* Pods-AbdallahismailAreebTask-AbdallahismailAreebTaskUITests.release.xcconfig */ = {isa = PBXFileReference; includeInIndex = 1; lastKnownFileType = text.xcconfig; name = "Pods-AbdallahismailAreebTask-AbdallahismailAreebTaskUITests.release.xcconfig"; path = "Target Support Files/Pods-AbdallahismailAreebTask-AbdallahismailAreebTaskUITests/Pods-AbdallahismailAreebTask-AbdallahismailAreebTaskUITests.release.xcconfig"; sourceTree = "<group>"; };
		F3F3D39B67C4D70BD6D718AA /* libPods-AbdallahismailAreebTask-AbdallahismailAreebTaskUITests.a */ = {isa = PBXFileReference; explicitFileType = archive.ar; includeInIndex = 0; path = "libPods-AbdallahismailAreebTask-AbdallahismailAreebTaskUITests.a"; sourceTree = BUILT_PRODUCTS_DIR; };
		FF672FC0CA2B466F43FEC92D /* Pods-AbdallahismailAreebTaskTests.release.xcconfig */ = {isa = PBXFileReference; includeInIndex = 1; lastKnownFileType = text.xcconfig; name = "Pods-AbdallahismailAreebTaskTests.release.xcconfig"; path = "Target Support Files/Pods-AbdallahismailAreebTaskTests/Pods-AbdallahismailAreebTaskTests.release.xcconfig"; sourceTree = "<group>"; };
/* End PBXFileReference section */

/* Begin PBXFrameworksBuildPhase section */
		5E1632B92AE2071800885F97 /* Frameworks */ = {
			isa = PBXFrameworksBuildPhase;
			buildActionMask = 2147483647;
			files = (
				28D122B1B8B0147584FF78B1 /* libPods-AbdallahismailAreebTask.a in Frameworks */,
			);
			runOnlyForDeploymentPostprocessing = 0;
		};
		5E1632D22AE2071A00885F97 /* Frameworks */ = {
			isa = PBXFrameworksBuildPhase;
			buildActionMask = 2147483647;
			files = (
				DA0E0B23E2CF2A2C10FB65FD /* libPods-AbdallahismailAreebTaskTests.a in Frameworks */,
			);
			runOnlyForDeploymentPostprocessing = 0;
		};
		5E1632DC2AE2071A00885F97 /* Frameworks */ = {
			isa = PBXFrameworksBuildPhase;
			buildActionMask = 2147483647;
			files = (
				7BEE83BE1486D7613B6C17C3 /* libPods-AbdallahismailAreebTask-AbdallahismailAreebTaskUITests.a in Frameworks */,
			);
			runOnlyForDeploymentPostprocessing = 0;
		};
/* End PBXFrameworksBuildPhase section */

/* Begin PBXGroup section */
		0EE737418B656917BF1294F4 /* Frameworks */ = {
			isa = PBXGroup;
			children = (
				5E1632E22AE2071A00885F97 /* AbdallahismailAreebTaskUITests */,
				A0DDCDB091C85FC3B37228D4 /* libPods-AbdallahismailAreebTask.a */,
				F3F3D39B67C4D70BD6D718AA /* libPods-AbdallahismailAreebTask-AbdallahismailAreebTaskUITests.a */,
				2C3E33207033F603DC7BE0A9 /* libPods-AbdallahismailAreebTaskTests.a */,
				5E1632D82AE2071A00885F97 /* AbdallahismailAreebTaskTests */,
			);
			name = Frameworks;
			sourceTree = "<group>";
		};
		5E1632B32AE2071800885F97 = {
			isa = PBXGroup;
			children = (
				5E1632BE2AE2071900885F97 /* AbdallahismailAreebTask */,
				5E1632BD2AE2071900885F97 /* Products */,
				D4BA442F8E5BEABA18EA38F7 /* Pods */,
				0EE737418B656917BF1294F4 /* Frameworks */,
			);
			sourceTree = "<group>";
		};
		5E1632BD2AE2071900885F97 /* Products */ = {
			isa = PBXGroup;
			children = (
				5E1632BC2AE2071900885F97 /* AbdallahismailAreebTask.app */,
				5E1632D52AE2071A00885F97 /* AbdallahismailAreebTaskTests.xctest */,
				5E1632DF2AE2071A00885F97 /* AbdallahismailAreebTaskUITests.xctest */,
			);
			name = Products;
			sourceTree = "<group>";
		};
		5E1632BE2AE2071900885F97 /* AbdallahismailAreebTask */ = {
			isa = PBXGroup;
			children = (
				5E1632D02AE2071900885F97 /* Info.plist */,
				5E8FDAE12AE35CA000CDF419 /* Networkservices */,
				5E8FDADC2AE35A0000CDF419 /* Contracts */,
				5E8FDAD72AE3319800CDF419 /* Common */,
				5E1632F22AE2072800885F97 /* Model */,
				5E1632F32AE2073A00885F97 /* View */,
				5E1632F42AE2075800885F97 /* ViewModel */,
			);
			path = AbdallahismailAreebTask;
			sourceTree = "<group>";
		};
		5E1632D82AE2071A00885F97 /* AbdallahismailAreebTaskTests */ = {
			isa = PBXGroup;
			children = (
				5E1632D92AE2071A00885F97 /* AbdallahismailAreebTaskTests.swift */,
			);
			path = AbdallahismailAreebTaskTests;
			sourceTree = "<group>";
		};
		5E1632E22AE2071A00885F97 /* AbdallahismailAreebTaskUITests */ = {
			isa = PBXGroup;
			children = (
				5E1632E32AE2071A00885F97 /* AbdallahismailAreebTaskUITests.swift */,
				5E1632E52AE2071A00885F97 /* AbdallahismailAreebTaskUITestsLaunchTests.swift */,
			);
			path = AbdallahismailAreebTaskUITests;
			sourceTree = "<group>";
		};
		5E1632F22AE2072800885F97 /* Model */ = {
			isa = PBXGroup;
			children = (
				5E8FDAD52AE3256C00CDF419 /* Repost.swift */,
			);
			path = Model;
			sourceTree = "<group>";
		};
		5E1632F32AE2073A00885F97 /* View */ = {
			isa = PBXGroup;
			children = (
				5ED156D62AE4EDFD006600CD /* RepoDetailsView */,
				5E8FDAD22AE316E400CDF419 /* GetRepositoriesView */,
				5E1632CD2AE2071900885F97 /* LaunchScreen.storyboard */,
			);
			path = View;
			sourceTree = "<group>";
		};
		5E1632F42AE2075800885F97 /* ViewModel */ = {
			isa = PBXGroup;
			children = (
				5ED156D82AE4EFF3006600CD /* GetReposDetails */,
				5ED156D72AE4EFB4006600CD /* GetAllRepos */,
			);
			path = ViewModel;
			sourceTree = "<group>";
		};
		5E8FDAD22AE316E400CDF419 /* GetRepositoriesView */ = {
			isa = PBXGroup;
			children = (
				5E1632C52AE2071900885F97 /* Main.storyboard */,
				5E1632C32AE2071900885F97 /* GetReposViewController.swift */,
				5E8FDAD32AE3178100CDF419 /* RepoTableViewCell.swift */,
			);
			path = GetRepositoriesView;
			sourceTree = "<group>";
		};
		5E8FDAD72AE3319800CDF419 /* Common */ = {
			isa = PBXGroup;
			children = (
				5E8FDAD92AE331E700CDF419 /* Constants */,
				5E8FDAD82AE331A000CDF419 /* utilties */,
			);
			path = Common;
			sourceTree = "<group>";
		};
		5E8FDAD82AE331A000CDF419 /* utilties */ = {
			isa = PBXGroup;
			children = (
				5E1632BF2AE2071900885F97 /* AppDelegate.swift */,
				5E1632C12AE2071900885F97 /* SceneDelegate.swift */,
				5E1632CB2AE2071900885F97 /* Assets.xcassets */,
				5E1632C82AE2071900885F97 /* AbdallahismailAreebTask.xcdatamodeld */,
			);
			path = utilties;
			sourceTree = "<group>";
		};
		5E8FDAD92AE331E700CDF419 /* Constants */ = {
			isa = PBXGroup;
			children = (
				5E8FDADA2AE3322100CDF419 /* UrlService.swift */,
			);
			path = Constants;
			sourceTree = "<group>";
		};
		5E8FDADC2AE35A0000CDF419 /* Contracts */ = {
			isa = PBXGroup;
			children = (
				5E8FDADD2AE35A2300CDF419 /* RepositryProtocol.swift */,
			);
			path = Contracts;
			sourceTree = "<group>";
		};
		5E8FDAE12AE35CA000CDF419 /* Networkservices */ = {
			isa = PBXGroup;
			children = (
				5E8FDAE22AE35CD400CDF419 /* NetworkService.swift */,
				5E70B7CF2AE49DE500F086B0 /* RepoDetailNetworkService.swift */,
			);
			path = Networkservices;
			sourceTree = "<group>";
		};
		5ED156D62AE4EDFD006600CD /* RepoDetailsView */ = {
			isa = PBXGroup;
			children = (
				5E70B7CD2AE485BC00F086B0 /* RepoDetailsViewController.swift */,
			);
			path = RepoDetailsView;
			sourceTree = "<group>";
		};
		5ED156D72AE4EFB4006600CD /* GetAllRepos */ = {
			isa = PBXGroup;
			children = (
				5E8FDAE42AE35D7A00CDF419 /* getReposProtocol.swift */,
				5E8FDADF2AE35B0800CDF419 /* GetReposVM.swift */,
			);
			path = GetAllRepos;
			sourceTree = "<group>";
		};
		5ED156D82AE4EFF3006600CD /* GetReposDetails */ = {
			isa = PBXGroup;
			children = (
				5E70B7D12AE4B14900F086B0 /* GetReposdetailsVM.swift */,
				5E70B7D32AE4B1D000F086B0 /* getDetailsProtocol.swift */,
			);
			path = GetReposDetails;
			sourceTree = "<group>";
		};
		D4BA442F8E5BEABA18EA38F7 /* Pods */ = {
			isa = PBXGroup;
			children = (
				3222F713D6FBB9261216CB34 /* Pods-AbdallahismailAreebTask.debug.xcconfig */,
				1C1A6B07A191DB89A6E5AFE8 /* Pods-AbdallahismailAreebTask.release.xcconfig */,
				A416363A5E698A4BE4FD0AE9 /* Pods-AbdallahismailAreebTask-AbdallahismailAreebTaskUITests.debug.xcconfig */,
				E56C848F5F2DCA66A2E5B8EC /* Pods-AbdallahismailAreebTask-AbdallahismailAreebTaskUITests.release.xcconfig */,
				53264ACFC14EDED2FF9B3C4A /* Pods-AbdallahismailAreebTaskTests.debug.xcconfig */,
				FF672FC0CA2B466F43FEC92D /* Pods-AbdallahismailAreebTaskTests.release.xcconfig */,
			);
			path = Pods;
			sourceTree = "<group>";
		};
/* End PBXGroup section */

/* Begin PBXNativeTarget section */
		5E1632BB2AE2071800885F97 /* AbdallahismailAreebTask */ = {
			isa = PBXNativeTarget;
			buildConfigurationList = 5E1632E92AE2071A00885F97 /* Build configuration list for PBXNativeTarget "AbdallahismailAreebTask" */;
			buildPhases = (
				6C59483B57AABAFF8692978E /* [CP] Check Pods Manifest.lock */,
				5E1632B82AE2071800885F97 /* Sources */,
				5E1632B92AE2071800885F97 /* Frameworks */,
				5E1632BA2AE2071800885F97 /* Resources */,
			);
			buildRules = (
			);
			dependencies = (
			);
			name = AbdallahismailAreebTask;
			productName = AbdallahismailAreebTask;
			productReference = 5E1632BC2AE2071900885F97 /* AbdallahismailAreebTask.app */;
			productType = "com.apple.product-type.application";
		};
		5E1632D42AE2071A00885F97 /* AbdallahismailAreebTaskTests */ = {
			isa = PBXNativeTarget;
			buildConfigurationList = 5E1632EC2AE2071A00885F97 /* Build configuration list for PBXNativeTarget "AbdallahismailAreebTaskTests" */;
			buildPhases = (
				1C5FBBE0F1B25C0D8324D42F /* [CP] Check Pods Manifest.lock */,
				5E1632D12AE2071A00885F97 /* Sources */,
				5E1632D22AE2071A00885F97 /* Frameworks */,
				5E1632D32AE2071A00885F97 /* Resources */,
			);
			buildRules = (
			);
			dependencies = (
				5E1632D72AE2071A00885F97 /* PBXTargetDependency */,
			);
			name = AbdallahismailAreebTaskTests;
			productName = AbdallahismailAreebTaskTests;
			productReference = 5E1632D52AE2071A00885F97 /* AbdallahismailAreebTaskTests.xctest */;
			productType = "com.apple.product-type.bundle.unit-test";
		};
		5E1632DE2AE2071A00885F97 /* AbdallahismailAreebTaskUITests */ = {
			isa = PBXNativeTarget;
			buildConfigurationList = 5E1632EF2AE2071A00885F97 /* Build configuration list for PBXNativeTarget "AbdallahismailAreebTaskUITests" */;
			buildPhases = (
				C739B3688C8A0AC7D6DA48B0 /* [CP] Check Pods Manifest.lock */,
				5E1632DB2AE2071A00885F97 /* Sources */,
				5E1632DC2AE2071A00885F97 /* Frameworks */,
				5E1632DD2AE2071A00885F97 /* Resources */,
			);
			buildRules = (
			);
			dependencies = (
				5E1632E12AE2071A00885F97 /* PBXTargetDependency */,
			);
			name = AbdallahismailAreebTaskUITests;
			productName = AbdallahismailAreebTaskUITests;
			productReference = 5E1632DF2AE2071A00885F97 /* AbdallahismailAreebTaskUITests.xctest */;
			productType = "com.apple.product-type.bundle.ui-testing";
		};
/* End PBXNativeTarget section */

/* Begin PBXProject section */
		5E1632B42AE2071800885F97 /* Project object */ = {
			isa = PBXProject;
			attributes = {
				BuildIndependentTargetsInParallel = 1;
				LastSwiftUpdateCheck = 1410;
				LastUpgradeCheck = 1410;
				TargetAttributes = {
					5E1632BB2AE2071800885F97 = {
						CreatedOnToolsVersion = 14.1;
					};
					5E1632D42AE2071A00885F97 = {
						CreatedOnToolsVersion = 14.1;
						TestTargetID = 5E1632BB2AE2071800885F97;
					};
					5E1632DE2AE2071A00885F97 = {
						CreatedOnToolsVersion = 14.1;
						TestTargetID = 5E1632BB2AE2071800885F97;
					};
				};
			};
			buildConfigurationList = 5E1632B72AE2071800885F97 /* Build configuration list for PBXProject "AbdallahismailAreebTask" */;
			compatibilityVersion = "Xcode 14.0";
			developmentRegion = en;
			hasScannedForEncodings = 0;
			knownRegions = (
				en,
				Base,
			);
			mainGroup = 5E1632B32AE2071800885F97;
			productRefGroup = 5E1632BD2AE2071900885F97 /* Products */;
			projectDirPath = "";
			projectRoot = "";
			targets = (
				5E1632BB2AE2071800885F97 /* AbdallahismailAreebTask */,
				5E1632D42AE2071A00885F97 /* AbdallahismailAreebTaskTests */,
				5E1632DE2AE2071A00885F97 /* AbdallahismailAreebTaskUITests */,
			);
		};
/* End PBXProject section */

/* Begin PBXResourcesBuildPhase section */
		5E1632BA2AE2071800885F97 /* Resources */ = {
			isa = PBXResourcesBuildPhase;
			buildActionMask = 2147483647;
			files = (
				5E1632CF2AE2071900885F97 /* LaunchScreen.storyboard in Resources */,
				5E1632CC2AE2071900885F97 /* Assets.xcassets in Resources */,
				5E1632C72AE2071900885F97 /* Main.storyboard in Resources */,
			);
			runOnlyForDeploymentPostprocessing = 0;
		};
		5E1632D32AE2071A00885F97 /* Resources */ = {
			isa = PBXResourcesBuildPhase;
			buildActionMask = 2147483647;
			files = (
			);
			runOnlyForDeploymentPostprocessing = 0;
		};
		5E1632DD2AE2071A00885F97 /* Resources */ = {
			isa = PBXResourcesBuildPhase;
			buildActionMask = 2147483647;
			files = (
			);
			runOnlyForDeploymentPostprocessing = 0;
		};
/* End PBXResourcesBuildPhase section */

/* Begin PBXShellScriptBuildPhase section */
		1C5FBBE0F1B25C0D8324D42F /* [CP] Check Pods Manifest.lock */ = {
			isa = PBXShellScriptBuildPhase;
			buildActionMask = 2147483647;
			files = (
			);
			inputFileListPaths = (
			);
			inputPaths = (
				"${PODS_PODFILE_DIR_PATH}/Podfile.lock",
				"${PODS_ROOT}/Manifest.lock",
			);
			name = "[CP] Check Pods Manifest.lock";
			outputFileListPaths = (
			);
			outputPaths = (
				"$(DERIVED_FILE_DIR)/Pods-AbdallahismailAreebTaskTests-checkManifestLockResult.txt",
			);
			runOnlyForDeploymentPostprocessing = 0;
			shellPath = /bin/sh;
			shellScript = "diff \"${PODS_PODFILE_DIR_PATH}/Podfile.lock\" \"${PODS_ROOT}/Manifest.lock\" > /dev/null\nif [ $? != 0 ] ; then\n    # print error to STDERR\n    echo \"error: The sandbox is not in sync with the Podfile.lock. Run 'pod install' or update your CocoaPods installation.\" >&2\n    exit 1\nfi\n# This output is used by Xcode 'outputs' to avoid re-running this script phase.\necho \"SUCCESS\" > \"${SCRIPT_OUTPUT_FILE_0}\"\n";
			showEnvVarsInLog = 0;
		};
		6C59483B57AABAFF8692978E /* [CP] Check Pods Manifest.lock */ = {
			isa = PBXShellScriptBuildPhase;
			buildActionMask = 2147483647;
			files = (
			);
			inputFileListPaths = (
			);
			inputPaths = (
				"${PODS_PODFILE_DIR_PATH}/Podfile.lock",
				"${PODS_ROOT}/Manifest.lock",
			);
			name = "[CP] Check Pods Manifest.lock";
			outputFileListPaths = (
			);
			outputPaths = (
				"$(DERIVED_FILE_DIR)/Pods-AbdallahismailAreebTask-checkManifestLockResult.txt",
			);
			runOnlyForDeploymentPostprocessing = 0;
			shellPath = /bin/sh;
			shellScript = "diff \"${PODS_PODFILE_DIR_PATH}/Podfile.lock\" \"${PODS_ROOT}/Manifest.lock\" > /dev/null\nif [ $? != 0 ] ; then\n    # print error to STDERR\n    echo \"error: The sandbox is not in sync with the Podfile.lock. Run 'pod install' or update your CocoaPods installation.\" >&2\n    exit 1\nfi\n# This output is used by Xcode 'outputs' to avoid re-running this script phase.\necho \"SUCCESS\" > \"${SCRIPT_OUTPUT_FILE_0}\"\n";
			showEnvVarsInLog = 0;
		};
		C739B3688C8A0AC7D6DA48B0 /* [CP] Check Pods Manifest.lock */ = {
			isa = PBXShellScriptBuildPhase;
			buildActionMask = 2147483647;
			files = (
			);
			inputFileListPaths = (
			);
			inputPaths = (
				"${PODS_PODFILE_DIR_PATH}/Podfile.lock",
				"${PODS_ROOT}/Manifest.lock",
			);
			name = "[CP] Check Pods Manifest.lock";
			outputFileListPaths = (
			);
			outputPaths = (
				"$(DERIVED_FILE_DIR)/Pods-AbdallahismailAreebTask-AbdallahismailAreebTaskUITests-checkManifestLockResult.txt",
			);
			runOnlyForDeploymentPostprocessing = 0;
			shellPath = /bin/sh;
			shellScript = "diff \"${PODS_PODFILE_DIR_PATH}/Podfile.lock\" \"${PODS_ROOT}/Manifest.lock\" > /dev/null\nif [ $? != 0 ] ; then\n    # print error to STDERR\n    echo \"error: The sandbox is not in sync with the Podfile.lock. Run 'pod install' or update your CocoaPods installation.\" >&2\n    exit 1\nfi\n# This output is used by Xcode 'outputs' to avoid re-running this script phase.\necho \"SUCCESS\" > \"${SCRIPT_OUTPUT_FILE_0}\"\n";
			showEnvVarsInLog = 0;
		};
/* End PBXShellScriptBuildPhase section */

/* Begin PBXSourcesBuildPhase section */
		5E1632B82AE2071800885F97 /* Sources */ = {
			isa = PBXSourcesBuildPhase;
			buildActionMask = 2147483647;
			files = (
				5E8FDAE32AE35CD400CDF419 /* NetworkService.swift in Sources */,
				5E70B7CE2AE485BC00F086B0 /* RepoDetailsViewController.swift in Sources */,
				5E70B7D02AE49DE500F086B0 /* RepoDetailNetworkService.swift in Sources */,
				5E8FDADE2AE35A2300CDF419 /* RepositryProtocol.swift in Sources */,
				5E1632C42AE2071900885F97 /* GetReposViewController.swift in Sources */,
				5E8FDAE52AE35D7A00CDF419 /* getReposProtocol.swift in Sources */,
				5E1632C02AE2071900885F97 /* AppDelegate.swift in Sources */,
				5E70B7D42AE4B1D000F086B0 /* getDetailsProtocol.swift in Sources */,
				5E1632CA2AE2071900885F97 /* AbdallahismailAreebTask.xcdatamodeld in Sources */,
				5E8FDAD42AE3178100CDF419 /* RepoTableViewCell.swift in Sources */,
				5E1632C22AE2071900885F97 /* SceneDelegate.swift in Sources */,
				5E8FDADB2AE3322100CDF419 /* UrlService.swift in Sources */,
				5E8FDAE02AE35B0800CDF419 /* GetReposVM.swift in Sources */,
				5E70B7D22AE4B14900F086B0 /* GetReposdetailsVM.swift in Sources */,
				5E8FDAD62AE3256C00CDF419 /* Repost.swift in Sources */,
			);
			runOnlyForDeploymentPostprocessing = 0;
		};
		5E1632D12AE2071A00885F97 /* Sources */ = {
			isa = PBXSourcesBuildPhase;
			buildActionMask = 2147483647;
			files = (
				5E1632DA2AE2071A00885F97 /* AbdallahismailAreebTaskTests.swift in Sources */,
			);
			runOnlyForDeploymentPostprocessing = 0;
		};
		5E1632DB2AE2071A00885F97 /* Sources */ = {
			isa = PBXSourcesBuildPhase;
			buildActionMask = 2147483647;
			files = (
				5E1632E42AE2071A00885F97 /* AbdallahismailAreebTaskUITests.swift in Sources */,
				5E1632E62AE2071A00885F97 /* AbdallahismailAreebTaskUITestsLaunchTests.swift in Sources */,
			);
			runOnlyForDeploymentPostprocessing = 0;
		};
/* End PBXSourcesBuildPhase section */

/* Begin PBXTargetDependency section */
		5E1632D72AE2071A00885F97 /* PBXTargetDependency */ = {
			isa = PBXTargetDependency;
			target = 5E1632BB2AE2071800885F97 /* AbdallahismailAreebTask */;
			targetProxy = 5E1632D62AE2071A00885F97 /* PBXContainerItemProxy */;
		};
		5E1632E12AE2071A00885F97 /* PBXTargetDependency */ = {
			isa = PBXTargetDependency;
			target = 5E1632BB2AE2071800885F97 /* AbdallahismailAreebTask */;
			targetProxy = 5E1632E02AE2071A00885F97 /* PBXContainerItemProxy */;
		};
/* End PBXTargetDependency section */

/* Begin PBXVariantGroup section */
		5E1632C52AE2071900885F97 /* Main.storyboard */ = {
			isa = PBXVariantGroup;
			children = (
				5E1632C62AE2071900885F97 /* Base */,
			);
			name = Main.storyboard;
			sourceTree = "<group>";
		};
		5E1632CD2AE2071900885F97 /* LaunchScreen.storyboard */ = {
			isa = PBXVariantGroup;
			children = (
				5E1632CE2AE2071900885F97 /* Base */,
			);
			name = LaunchScreen.storyboard;
			sourceTree = "<group>";
		};
/* End PBXVariantGroup section */

/* Begin XCBuildConfiguration section */
		5E1632E72AE2071A00885F97 /* Debug */ = {
			isa = XCBuildConfiguration;
			buildSettings = {
				ALWAYS_SEARCH_USER_PATHS = NO;
				CLANG_ANALYZER_NONNULL = YES;
				CLANG_ANALYZER_NUMBER_OBJECT_CONVERSION = YES_AGGRESSIVE;
				CLANG_CXX_LANGUAGE_STANDARD = "gnu++20";
				CLANG_ENABLE_MODULES = YES;
				CLANG_ENABLE_OBJC_ARC = YES;
				CLANG_ENABLE_OBJC_WEAK = YES;
				CLANG_WARN_BLOCK_CAPTURE_AUTORELEASING = YES;
				CLANG_WARN_BOOL_CONVERSION = YES;
				CLANG_WARN_COMMA = YES;
				CLANG_WARN_CONSTANT_CONVERSION = YES;
				CLANG_WARN_DEPRECATED_OBJC_IMPLEMENTATIONS = YES;
				CLANG_WARN_DIRECT_OBJC_ISA_USAGE = YES_ERROR;
				CLANG_WARN_DOCUMENTATION_COMMENTS = YES;
				CLANG_WARN_EMPTY_BODY = YES;
				CLANG_WARN_ENUM_CONVERSION = YES;
				CLANG_WARN_INFINITE_RECURSION = YES;
				CLANG_WARN_INT_CONVERSION = YES;
				CLANG_WARN_NON_LITERAL_NULL_CONVERSION = YES;
				CLANG_WARN_OBJC_IMPLICIT_RETAIN_SELF = YES;
				CLANG_WARN_OBJC_LITERAL_CONVERSION = YES;
				CLANG_WARN_OBJC_ROOT_CLASS = YES_ERROR;
				CLANG_WARN_QUOTED_INCLUDE_IN_FRAMEWORK_HEADER = YES;
				CLANG_WARN_RANGE_LOOP_ANALYSIS = YES;
				CLANG_WARN_STRICT_PROTOTYPES = YES;
				CLANG_WARN_SUSPICIOUS_MOVE = YES;
				CLANG_WARN_UNGUARDED_AVAILABILITY = YES_AGGRESSIVE;
				CLANG_WARN_UNREACHABLE_CODE = YES;
				CLANG_WARN__DUPLICATE_METHOD_MATCH = YES;
				COPY_PHASE_STRIP = NO;
				DEBUG_INFORMATION_FORMAT = dwarf;
				ENABLE_STRICT_OBJC_MSGSEND = YES;
				ENABLE_TESTABILITY = YES;
				GCC_C_LANGUAGE_STANDARD = gnu11;
				GCC_DYNAMIC_NO_PIC = NO;
				GCC_NO_COMMON_BLOCKS = YES;
				GCC_OPTIMIZATION_LEVEL = 0;
				GCC_PREPROCESSOR_DEFINITIONS = (
					"DEBUG=1",
					"$(inherited)",
				);
				GCC_WARN_64_TO_32_BIT_CONVERSION = YES;
				GCC_WARN_ABOUT_RETURN_TYPE = YES_ERROR;
				GCC_WARN_UNDECLARED_SELECTOR = YES;
				GCC_WARN_UNINITIALIZED_AUTOS = YES_AGGRESSIVE;
				GCC_WARN_UNUSED_FUNCTION = YES;
				GCC_WARN_UNUSED_VARIABLE = YES;
				IPHONEOS_DEPLOYMENT_TARGET = 16.1;
				MTL_ENABLE_DEBUG_INFO = INCLUDE_SOURCE;
				MTL_FAST_MATH = YES;
				ONLY_ACTIVE_ARCH = YES;
				SDKROOT = iphoneos;
				SWIFT_ACTIVE_COMPILATION_CONDITIONS = DEBUG;
				SWIFT_OPTIMIZATION_LEVEL = "-Onone";
			};
			name = Debug;
		};
		5E1632E82AE2071A00885F97 /* Release */ = {
			isa = XCBuildConfiguration;
			buildSettings = {
				ALWAYS_SEARCH_USER_PATHS = NO;
				CLANG_ANALYZER_NONNULL = YES;
				CLANG_ANALYZER_NUMBER_OBJECT_CONVERSION = YES_AGGRESSIVE;
				CLANG_CXX_LANGUAGE_STANDARD = "gnu++20";
				CLANG_ENABLE_MODULES = YES;
				CLANG_ENABLE_OBJC_ARC = YES;
				CLANG_ENABLE_OBJC_WEAK = YES;
				CLANG_WARN_BLOCK_CAPTURE_AUTORELEASING = YES;
				CLANG_WARN_BOOL_CONVERSION = YES;
				CLANG_WARN_COMMA = YES;
				CLANG_WARN_CONSTANT_CONVERSION = YES;
				CLANG_WARN_DEPRECATED_OBJC_IMPLEMENTATIONS = YES;
				CLANG_WARN_DIRECT_OBJC_ISA_USAGE = YES_ERROR;
				CLANG_WARN_DOCUMENTATION_COMMENTS = YES;
				CLANG_WARN_EMPTY_BODY = YES;
				CLANG_WARN_ENUM_CONVERSION = YES;
				CLANG_WARN_INFINITE_RECURSION = YES;
				CLANG_WARN_INT_CONVERSION = YES;
				CLANG_WARN_NON_LITERAL_NULL_CONVERSION = YES;
				CLANG_WARN_OBJC_IMPLICIT_RETAIN_SELF = YES;
				CLANG_WARN_OBJC_LITERAL_CONVERSION = YES;
				CLANG_WARN_OBJC_ROOT_CLASS = YES_ERROR;
				CLANG_WARN_QUOTED_INCLUDE_IN_FRAMEWORK_HEADER = YES;
				CLANG_WARN_RANGE_LOOP_ANALYSIS = YES;
				CLANG_WARN_STRICT_PROTOTYPES = YES;
				CLANG_WARN_SUSPICIOUS_MOVE = YES;
				CLANG_WARN_UNGUARDED_AVAILABILITY = YES_AGGRESSIVE;
				CLANG_WARN_UNREACHABLE_CODE = YES;
				CLANG_WARN__DUPLICATE_METHOD_MATCH = YES;
				COPY_PHASE_STRIP = NO;
				DEBUG_INFORMATION_FORMAT = "dwarf-with-dsym";
				ENABLE_NS_ASSERTIONS = NO;
				ENABLE_STRICT_OBJC_MSGSEND = YES;
				GCC_C_LANGUAGE_STANDARD = gnu11;
				GCC_NO_COMMON_BLOCKS = YES;
				GCC_WARN_64_TO_32_BIT_CONVERSION = YES;
				GCC_WARN_ABOUT_RETURN_TYPE = YES_ERROR;
				GCC_WARN_UNDECLARED_SELECTOR = YES;
				GCC_WARN_UNINITIALIZED_AUTOS = YES_AGGRESSIVE;
				GCC_WARN_UNUSED_FUNCTION = YES;
				GCC_WARN_UNUSED_VARIABLE = YES;
				IPHONEOS_DEPLOYMENT_TARGET = 16.1;
				MTL_ENABLE_DEBUG_INFO = NO;
				MTL_FAST_MATH = YES;
				SDKROOT = iphoneos;
				SWIFT_COMPILATION_MODE = wholemodule;
				SWIFT_OPTIMIZATION_LEVEL = "-O";
				VALIDATE_PRODUCT = YES;
			};
			name = Release;
		};
		5E1632EA2AE2071A00885F97 /* Debug */ = {
			isa = XCBuildConfiguration;
			baseConfigurationReference = 3222F713D6FBB9261216CB34 /* Pods-AbdallahismailAreebTask.debug.xcconfig */;
			buildSettings = {
				ASSETCATALOG_COMPILER_APPICON_NAME = AppIcon;
				ASSETCATALOG_COMPILER_GLOBAL_ACCENT_COLOR_NAME = AccentColor;
				CODE_SIGN_STYLE = Automatic;
				CURRENT_PROJECT_VERSION = 1;
				GENERATE_INFOPLIST_FILE = YES;
				INFOPLIST_FILE = AbdallahismailAreebTask/Info.plist;
				INFOPLIST_KEY_UIApplicationSupportsIndirectInputEvents = YES;
				INFOPLIST_KEY_UILaunchStoryboardName = LaunchScreen;
				INFOPLIST_KEY_UIMainStoryboardFile = Main;
				INFOPLIST_KEY_UISupportedInterfaceOrientations_iPad = "UIInterfaceOrientationPortrait UIInterfaceOrientationPortraitUpsideDown UIInterfaceOrientationLandscapeLeft UIInterfaceOrientationLandscapeRight";
				INFOPLIST_KEY_UISupportedInterfaceOrientations_iPhone = "UIInterfaceOrientationPortrait UIInterfaceOrientationLandscapeLeft UIInterfaceOrientationLandscapeRight";
				LD_RUNPATH_SEARCH_PATHS = (
					"$(inherited)",
					"@executable_path/Frameworks",
				);
				MARKETING_VERSION = 1.0;
				PRODUCT_BUNDLE_IDENTIFIER = ai.AbdallahismailAreebTask;
				PRODUCT_NAME = "$(TARGET_NAME)";
				SWIFT_EMIT_LOC_STRINGS = YES;
				SWIFT_VERSION = 5.0;
				TARGETED_DEVICE_FAMILY = "1,2";
			};
			name = Debug;
		};
		5E1632EB2AE2071A00885F97 /* Release */ = {
			isa = XCBuildConfiguration;
			baseConfigurationReference = 1C1A6B07A191DB89A6E5AFE8 /* Pods-AbdallahismailAreebTask.release.xcconfig */;
			buildSettings = {
				ASSETCATALOG_COMPILER_APPICON_NAME = AppIcon;
				ASSETCATALOG_COMPILER_GLOBAL_ACCENT_COLOR_NAME = AccentColor;
				CODE_SIGN_STYLE = Automatic;
				CURRENT_PROJECT_VERSION = 1;
				GENERATE_INFOPLIST_FILE = YES;
				INFOPLIST_FILE = AbdallahismailAreebTask/Info.plist;
				INFOPLIST_KEY_UIApplicationSupportsIndirectInputEvents = YES;
				INFOPLIST_KEY_UILaunchStoryboardName = LaunchScreen;
				INFOPLIST_KEY_UIMainStoryboardFile = Main;
				INFOPLIST_KEY_UISupportedInterfaceOrientations_iPad = "UIInterfaceOrientationPortrait UIInterfaceOrientationPortraitUpsideDown UIInterfaceOrientationLandscapeLeft UIInterfaceOrientationLandscapeRight";
				INFOPLIST_KEY_UISupportedInterfaceOrientations_iPhone = "UIInterfaceOrientationPortrait UIInterfaceOrientationLandscapeLeft UIInterfaceOrientationLandscapeRight";
				LD_RUNPATH_SEARCH_PATHS = (
					"$(inherited)",
					"@executable_path/Frameworks",
				);
				MARKETING_VERSION = 1.0;
				PRODUCT_BUNDLE_IDENTIFIER = ai.AbdallahismailAreebTask;
				PRODUCT_NAME = "$(TARGET_NAME)";
				SWIFT_EMIT_LOC_STRINGS = YES;
				SWIFT_VERSION = 5.0;
				TARGETED_DEVICE_FAMILY = "1,2";
			};
			name = Release;
		};
		5E1632ED2AE2071A00885F97 /* Debug */ = {
			isa = XCBuildConfiguration;
			baseConfigurationReference = 53264ACFC14EDED2FF9B3C4A /* Pods-AbdallahismailAreebTaskTests.debug.xcconfig */;
			buildSettings = {
				ALWAYS_EMBED_SWIFT_STANDARD_LIBRARIES = YES;
				BUNDLE_LOADER = "$(TEST_HOST)";
				CODE_SIGN_STYLE = Automatic;
				CURRENT_PROJECT_VERSION = 1;
				GENERATE_INFOPLIST_FILE = YES;
				IPHONEOS_DEPLOYMENT_TARGET = 16.1;
				MARKETING_VERSION = 1.0;
				PRODUCT_BUNDLE_IDENTIFIER = ai.AbdallahismailAreebTaskTests;
				PRODUCT_NAME = "$(TARGET_NAME)";
				SWIFT_EMIT_LOC_STRINGS = NO;
				SWIFT_VERSION = 5.0;
				TARGETED_DEVICE_FAMILY = "1,2";
				TEST_HOST = "$(BUILT_PRODUCTS_DIR)/AbdallahismailAreebTask.app/$(BUNDLE_EXECUTABLE_FOLDER_PATH)/AbdallahismailAreebTask";
			};
			name = Debug;
		};
		5E1632EE2AE2071A00885F97 /* Release */ = {
			isa = XCBuildConfiguration;
			baseConfigurationReference = FF672FC0CA2B466F43FEC92D /* Pods-AbdallahismailAreebTaskTests.release.xcconfig */;
			buildSettings = {
				ALWAYS_EMBED_SWIFT_STANDARD_LIBRARIES = YES;
				BUNDLE_LOADER = "$(TEST_HOST)";
				CODE_SIGN_STYLE = Automatic;
				CURRENT_PROJECT_VERSION = 1;
				GENERATE_INFOPLIST_FILE = YES;
				IPHONEOS_DEPLOYMENT_TARGET = 16.1;
				MARKETING_VERSION = 1.0;
				PRODUCT_BUNDLE_IDENTIFIER = ai.AbdallahismailAreebTaskTests;
				PRODUCT_NAME = "$(TARGET_NAME)";
				SWIFT_EMIT_LOC_STRINGS = NO;
				SWIFT_VERSION = 5.0;
				TARGETED_DEVICE_FAMILY = "1,2";
				TEST_HOST = "$(BUILT_PRODUCTS_DIR)/AbdallahismailAreebTask.app/$(BUNDLE_EXECUTABLE_FOLDER_PATH)/AbdallahismailAreebTask";
			};
			name = Release;
		};
		5E1632F02AE2071A00885F97 /* Debug */ = {
			isa = XCBuildConfiguration;
			baseConfigurationReference = A416363A5E698A4BE4FD0AE9 /* Pods-AbdallahismailAreebTask-AbdallahismailAreebTaskUITests.debug.xcconfig */;
			buildSettings = {
				ALWAYS_EMBED_SWIFT_STANDARD_LIBRARIES = YES;
				CODE_SIGN_STYLE = Automatic;
				CURRENT_PROJECT_VERSION = 1;
				GENERATE_INFOPLIST_FILE = YES;
				MARKETING_VERSION = 1.0;
				PRODUCT_BUNDLE_IDENTIFIER = ai.AbdallahismailAreebTaskUITests;
				PRODUCT_NAME = "$(TARGET_NAME)";
				SWIFT_EMIT_LOC_STRINGS = NO;
				SWIFT_VERSION = 5.0;
				TARGETED_DEVICE_FAMILY = "1,2";
				TEST_TARGET_NAME = AbdallahismailAreebTask;
			};
			name = Debug;
		};
		5E1632F12AE2071A00885F97 /* Release */ = {
			isa = XCBuildConfiguration;
			baseConfigurationReference = E56C848F5F2DCA66A2E5B8EC /* Pods-AbdallahismailAreebTask-AbdallahismailAreebTaskUITests.release.xcconfig */;
			buildSettings = {
				ALWAYS_EMBED_SWIFT_STANDARD_LIBRARIES = YES;
				CODE_SIGN_STYLE = Automatic;
				CURRENT_PROJECT_VERSION = 1;
				GENERATE_INFOPLIST_FILE = YES;
				MARKETING_VERSION = 1.0;
				PRODUCT_BUNDLE_IDENTIFIER = ai.AbdallahismailAreebTaskUITests;
				PRODUCT_NAME = "$(TARGET_NAME)";
				SWIFT_EMIT_LOC_STRINGS = NO;
				SWIFT_VERSION = 5.0;
				TARGETED_DEVICE_FAMILY = "1,2";
				TEST_TARGET_NAME = AbdallahismailAreebTask;
			};
			name = Release;
		};
/* End XCBuildConfiguration section */

/* Begin XCConfigurationList section */
		5E1632B72AE2071800885F97 /* Build configuration list for PBXProject "AbdallahismailAreebTask" */ = {
			isa = XCConfigurationList;
			buildConfigurations = (
				5E1632E72AE2071A00885F97 /* Debug */,
				5E1632E82AE2071A00885F97 /* Release */,
			);
			defaultConfigurationIsVisible = 0;
			defaultConfigurationName = Release;
		};
		5E1632E92AE2071A00885F97 /* Build configuration list for PBXNativeTarget "AbdallahismailAreebTask" */ = {
			isa = XCConfigurationList;
			buildConfigurations = (
				5E1632EA2AE2071A00885F97 /* Debug */,
				5E1632EB2AE2071A00885F97 /* Release */,
			);
			defaultConfigurationIsVisible = 0;
			defaultConfigurationName = Release;
		};
		5E1632EC2AE2071A00885F97 /* Build configuration list for PBXNativeTarget "AbdallahismailAreebTaskTests" */ = {
			isa = XCConfigurationList;
			buildConfigurations = (
				5E1632ED2AE2071A00885F97 /* Debug */,
				5E1632EE2AE2071A00885F97 /* Release */,
			);
			defaultConfigurationIsVisible = 0;
			defaultConfigurationName = Release;
		};
		5E1632EF2AE2071A00885F97 /* Build configuration list for PBXNativeTarget "AbdallahismailAreebTaskUITests" */ = {
			isa = XCConfigurationList;
			buildConfigurations = (
				5E1632F02AE2071A00885F97 /* Debug */,
				5E1632F12AE2071A00885F97 /* Release */,
			);
			defaultConfigurationIsVisible = 0;
			defaultConfigurationName = Release;
		};
/* End XCConfigurationList section */

/* Begin XCVersionGroup section */
		5E1632C82AE2071900885F97 /* AbdallahismailAreebTask.xcdatamodeld */ = {
			isa = XCVersionGroup;
			children = (
				5E1632C92AE2071900885F97 /* AbdallahismailAreebTask.xcdatamodel */,
			);
			currentVersion = 5E1632C92AE2071900885F97 /* AbdallahismailAreebTask.xcdatamodel */;
			path = AbdallahismailAreebTask.xcdatamodeld;
			sourceTree = "<group>";
			versionGroupType = wrapper.xcdatamodel;
		};
/* End XCVersionGroup section */
	};
	rootObject = 5E1632B42AE2071800885F97 /* Project object */;
}
